
Microsoft Visual Studio Solution File, Format Version 12.00
# Visual Studio Version 17
VisualStudioVersion = 17.4.33122.133
MinimumVisualStudioVersion = 10.0.40219.1
Project("{FAE04EC0-301F-11D3-BF4B-00C04F79EFBC}") = "BlazorWebAudio", "BlazorWebAudio\BlazorWebAudio.csproj", "{9880AD3E-3B75-414D-AE04-BC3DDFB81789}"
EndProject
Global
	GlobalSection(SolutionConfigurationPlatforms) = preSolution
		Debug|Any CPU = Debug|Any CPU
		Release|Any CPU = Release|Any CPU
	EndGlobalSection
	GlobalSection(ProjectConfigurationPlatforms) = postSolution
		{9880AD3E-3B75-414D-AE04-BC3DDFB81789}.Debug|Any CPU.ActiveCfg = Debug|Any CPU
		{9880AD3E-3B75-414D-AE04-BC3DDFB81789}.Debug|Any CPU.Build.0 = Debug|Any CPU
		{9880AD3E-3B75-414D-AE04-BC3DDFB81789}.Release|Any CPU.ActiveCfg = Release|Any CPU
		{9880AD3E-3B75-414D-AE04-BC3DDFB81789}.Release|Any CPU.Build.0 = Release|Any CPU
	EndGlobalSection
	GlobalSection(SolutionProperties) = preSolution
		HideSolutionNode = FALSE
	EndGlobalSection
	GlobalSection(ExtensibilityGlobals) = postSolution
		SolutionGuid = {C5F94793-D4B1-4643-9E4E-EAE592A1034B}
	EndGlobalSection
EndGlobal
